
Microsoft Visual Studio Solution File, Format Version 12.00
# Visual Studio Version 16
VisualStudioVersion = 16.0.30907.101
MinimumVisualStudioVersion = 10.0.40219.1
Project("{FAE04EC0-301F-11D3-BF4B-00C04F79EFBC}") = "Assignment_2_Josiah_Sarles", "Assignment_2_Josiah_Sarles.csproj", "{661B8C8E-1E64-4280-BC27-B63926BE6523}"
EndProject
Global
	GlobalSection(SolutionConfigurationPlatforms) = preSolution
		Debug|Any CPU = Debug|Any CPU
		Release|Any CPU = Release|Any CPU
	EndGlobalSection
	GlobalSection(ProjectConfigurationPlatforms) = postSolution
		{661B8C8E-1E64-4280-BC27-B63926BE6523}.Debug|Any CPU.ActiveCfg = Debug|Any CPU
		{661B8C8E-1E64-4280-BC27-B63926BE6523}.Debug|Any CPU.Build.0 = Debug|Any CPU
		{661B8C8E-1E64-4280-BC27-B63926BE6523}.Release|Any CPU.ActiveCfg = Release|Any CPU
		{661B8C8E-1E64-4280-BC27-B63926BE6523}.Release|Any CPU.Build.0 = Release|Any CPU
	EndGlobalSection
	GlobalSection(SolutionProperties) = preSolution
		HideSolutionNode = FALSE
	EndGlobalSection
	GlobalSection(ExtensibilityGlobals) = postSolution
		SolutionGuid = {F23DB13D-15F3-4875-A281-1B8E041EFCB9}
	EndGlobalSection
EndGlobal
